// !$*UTF8*$!
{
	archiveVersion = 1;
	classes = {
	};
	objectVersion = 46;
	objects = {

/* Begin PBXBuildFile section */
		52D21A0516572CD0004C6B8D /* UIKit.framework in Frameworks */ = {isa = PBXBuildFile; fileRef = 52D21A0416572CD0004C6B8D /* UIKit.framework */; };
		52D21A0716572CD0004C6B8D /* Foundation.framework in Frameworks */ = {isa = PBXBuildFile; fileRef = 52D21A0616572CD0004C6B8D /* Foundation.framework */; };
		52D21A0916572CD0004C6B8D /* CoreGraphics.framework in Frameworks */ = {isa = PBXBuildFile; fileRef = 52D21A0816572CD0004C6B8D /* CoreGraphics.framework */; };
		52D21A0F16572CD0004C6B8D /* InfoPlist.strings in Resources */ = {isa = PBXBuildFile; fileRef = 52D21A0D16572CD0004C6B8D /* InfoPlist.strings */; };
		52D21A1116572CD0004C6B8D /* main.m in Sources */ = {isa = PBXBuildFile; fileRef = 52D21A1016572CD0004C6B8D /* main.m */; };
		52D21A1516572CD0004C6B8D /* LKAppDelegate.m in Sources */ = {isa = PBXBuildFile; fileRef = 52D21A1416572CD0004C6B8D /* LKAppDelegate.m */; };
		52D21A1716572CD0004C6B8D /* Default.png in Resources */ = {isa = PBXBuildFile; fileRef = 52D21A1616572CD0004C6B8D /* Default.png */; };
		52D21A1916572CD0004C6B8D /* Default@2x.png in Resources */ = {isa = PBXBuildFile; fileRef = 52D21A1816572CD0004C6B8D /* Default@2x.png */; };
		52D21A1B16572CD0004C6B8D /* Default-568h@2x.png in Resources */ = {isa = PBXBuildFile; fileRef = 52D21A1A16572CD0004C6B8D /* Default-568h@2x.png */; };
		52D21A4716573308004C6B8D /* libsqlite3.0.dylib in Frameworks */ = {isa = PBXBuildFile; fileRef = 52D21A4616573308004C6B8D /* libsqlite3.0.dylib */; };
		52D21A4A16573347004C6B8D /* LKDAOTest.m in Sources */ = {isa = PBXBuildFile; fileRef = 52D21A4916573347004C6B8D /* LKDAOTest.m */; };
		52D21A4C165734FF004C6B8D /* 110.png in Resources */ = {isa = PBXBuildFile; fileRef = 52D21A4B165734FF004C6B8D /* 110.png */; };
		53042E39166D8518001AA56F /* FMDatabase.m in Sources */ = {isa = PBXBuildFile; fileRef = 53042E28166D8518001AA56F /* FMDatabase.m */; };
		53042E3A166D8518001AA56F /* FMDatabaseAdditions.m in Sources */ = {isa = PBXBuildFile; fileRef = 53042E2A166D8518001AA56F /* FMDatabaseAdditions.m */; };
		53042E3B166D8518001AA56F /* FMDatabasePool.m in Sources */ = {isa = PBXBuildFile; fileRef = 53042E2C166D8518001AA56F /* FMDatabasePool.m */; };
		53042E3C166D8518001AA56F /* FMDatabaseQueue.m in Sources */ = {isa = PBXBuildFile; fileRef = 53042E2E166D8518001AA56F /* FMDatabaseQueue.m */; };
		53042E3D166D8518001AA56F /* FMResultSet.m in Sources */ = {isa = PBXBuildFile; fileRef = 53042E30166D8518001AA56F /* FMResultSet.m */; };
		53042E3E166D8518001AA56F /* LKDAOBase.m in Sources */ = {isa = PBXBuildFile; fileRef = 53042E32166D8518001AA56F /* LKDAOBase.m */; settings = {COMPILER_FLAGS = "-fno-objc-arc"; }; };
		53CA6D8716D602FE006B492B /* LKDBHelper.m in Sources */ = {isa = PBXBuildFile; fileRef = 53CA6D8616D602FE006B492B /* LKDBHelper.m */; };
/* End PBXBuildFile section */

/* Begin PBXFileReference section */
		52D21A0016572CD0004C6B8D /* LKDBTest.app */ = {isa = PBXFileReference; explicitFileType = wrapper.application; includeInIndex = 0; path = LKDBTest.app; sourceTree = BUILT_PRODUCTS_DIR; };
		52D21A0416572CD0004C6B8D /* UIKit.framework */ = {isa = PBXFileReference; lastKnownFileType = wrapper.framework; name = UIKit.framework; path = System/Library/Frameworks/UIKit.framework; sourceTree = SDKROOT; };
		52D21A0616572CD0004C6B8D /* Foundation.framework */ = {isa = PBXFileReference; lastKnownFileType = wrapper.framework; name = Foundation.framework; path = System/Library/Frameworks/Foundation.framework; sourceTree = SDKROOT; };
		52D21A0816572CD0004C6B8D /* CoreGraphics.framework */ = {isa = PBXFileReference; lastKnownFileType = wrapper.framework; name = CoreGraphics.framework; path = System/Library/Frameworks/CoreGraphics.framework; sourceTree = SDKROOT; };
		52D21A0C16572CD0004C6B8D /* LKDBTest-Info.plist */ = {isa = PBXFileReference; lastKnownFileType = text.plist.xml; path = "LKDBTest-Info.plist"; sourceTree = "<group>"; };
		52D21A0E16572CD0004C6B8D /* en */ = {isa = PBXFileReference; lastKnownFileType = text.plist.strings; name = en; path = en.lproj/InfoPlist.strings; sourceTree = "<group>"; };
		52D21A1016572CD0004C6B8D /* main.m */ = {isa = PBXFileReference; lastKnownFileType = sourcecode.c.objc; path = main.m; sourceTree = "<group>"; };
		52D21A1216572CD0004C6B8D /* LKDBTest-Prefix.pch */ = {isa = PBXFileReference; lastKnownFileType = sourcecode.c.h; path = "LKDBTest-Prefix.pch"; sourceTree = "<group>"; };
		52D21A1316572CD0004C6B8D /* LKAppDelegate.h */ = {isa = PBXFileReference; lastKnownFileType = sourcecode.c.h; path = LKAppDelegate.h; sourceTree = "<group>"; };
		52D21A1416572CD0004C6B8D /* LKAppDelegate.m */ = {isa = PBXFileReference; lastKnownFileType = sourcecode.c.objc; path = LKAppDelegate.m; sourceTree = "<group>"; };
		52D21A1616572CD0004C6B8D /* Default.png */ = {isa = PBXFileReference; lastKnownFileType = image.png; path = Default.png; sourceTree = "<group>"; };
		52D21A1816572CD0004C6B8D /* Default@2x.png */ = {isa = PBXFileReference; lastKnownFileType = image.png; path = "Default@2x.png"; sourceTree = "<group>"; };
		52D21A1A16572CD0004C6B8D /* Default-568h@2x.png */ = {isa = PBXFileReference; lastKnownFileType = image.png; path = "Default-568h@2x.png"; sourceTree = "<group>"; };
		52D21A4616573308004C6B8D /* libsqlite3.0.dylib */ = {isa = PBXFileReference; lastKnownFileType = "compiled.mach-o.dylib"; name = libsqlite3.0.dylib; path = usr/lib/libsqlite3.0.dylib; sourceTree = SDKROOT; };
		52D21A4816573347004C6B8D /* LKDAOTest.h */ = {isa = PBXFileReference; fileEncoding = 4; lastKnownFileType = sourcecode.c.h; path = LKDAOTest.h; sourceTree = "<group>"; };
		52D21A4916573347004C6B8D /* LKDAOTest.m */ = {isa = PBXFileReference; fileEncoding = 4; lastKnownFileType = sourcecode.c.objc; path = LKDAOTest.m; sourceTree = "<group>"; };
		52D21A4B165734FF004C6B8D /* 110.png */ = {isa = PBXFileReference; lastKnownFileType = image.png; path = 110.png; sourceTree = "<group>"; };
		53042E27166D8518001AA56F /* FMDatabase.h */ = {isa = PBXFileReference; fileEncoding = 4; lastKnownFileType = sourcecode.c.h; path = FMDatabase.h; sourceTree = "<group>"; };
		53042E28166D8518001AA56F /* FMDatabase.m */ = {isa = PBXFileReference; fileEncoding = 4; lastKnownFileType = sourcecode.c.objc; path = FMDatabase.m; sourceTree = "<group>"; };
		53042E29166D8518001AA56F /* FMDatabaseAdditions.h */ = {isa = PBXFileReference; fileEncoding = 4; lastKnownFileType = sourcecode.c.h; path = FMDatabaseAdditions.h; sourceTree = "<group>"; };
		53042E2A166D8518001AA56F /* FMDatabaseAdditions.m */ = {isa = PBXFileReference; fileEncoding = 4; lastKnownFileType = sourcecode.c.objc; path = FMDatabaseAdditions.m; sourceTree = "<group>"; };
		53042E2B166D8518001AA56F /* FMDatabasePool.h */ = {isa = PBXFileReference; fileEncoding = 4; lastKnownFileType = sourcecode.c.h; path = FMDatabasePool.h; sourceTree = "<group>"; };
		53042E2C166D8518001AA56F /* FMDatabasePool.m */ = {isa = PBXFileReference; fileEncoding = 4; lastKnownFileType = sourcecode.c.objc; path = FMDatabasePool.m; sourceTree = "<group>"; };
		53042E2D166D8518001AA56F /* FMDatabaseQueue.h */ = {isa = PBXFileReference; fileEncoding = 4; lastKnownFileType = sourcecode.c.h; path = FMDatabaseQueue.h; sourceTree = "<group>"; };
		53042E2E166D8518001AA56F /* FMDatabaseQueue.m */ = {isa = PBXFileReference; fileEncoding = 4; lastKnownFileType = sourcecode.c.objc; path = FMDatabaseQueue.m; sourceTree = "<group>"; };
		53042E2F166D8518001AA56F /* FMResultSet.h */ = {isa = PBXFileReference; fileEncoding = 4; lastKnownFileType = sourcecode.c.h; path = FMResultSet.h; sourceTree = "<group>"; };
		53042E30166D8518001AA56F /* FMResultSet.m */ = {isa = PBXFileReference; fileEncoding = 4; lastKnownFileType = sourcecode.c.objc; path = FMResultSet.m; sourceTree = "<group>"; };
		53042E31166D8518001AA56F /* LKDAOBase.h */ = {isa = PBXFileReference; fileEncoding = 4; lastKnownFileType = sourcecode.c.h; path = LKDAOBase.h; sourceTree = "<group>"; };
		53042E32166D8518001AA56F /* LKDAOBase.m */ = {isa = PBXFileReference; fileEncoding = 4; lastKnownFileType = sourcecode.c.objc; path = LKDAOBase.m; sourceTree = "<group>"; };
		53CA6D8516D602FE006B492B /* LKDBHelper.h */ = {isa = PBXFileReference; fileEncoding = 4; lastKnownFileType = sourcecode.c.h; path = LKDBHelper.h; sourceTree = "<group>"; };
		53CA6D8616D602FE006B492B /* LKDBHelper.m */ = {isa = PBXFileReference; fileEncoding = 4; lastKnownFileType = sourcecode.c.objc; path = LKDBHelper.m; sourceTree = "<group>"; };
/* End PBXFileReference section */

/* Begin PBXFrameworksBuildPhase section */
		52D219FD16572CD0004C6B8D /* Frameworks */ = {
			isa = PBXFrameworksBuildPhase;
			buildActionMask = 2147483647;
			files = (
				52D21A4716573308004C6B8D /* libsqlite3.0.dylib in Frameworks */,
				52D21A0516572CD0004C6B8D /* UIKit.framework in Frameworks */,
				52D21A0716572CD0004C6B8D /* Foundation.framework in Frameworks */,
				52D21A0916572CD0004C6B8D /* CoreGraphics.framework in Frameworks */,
			);
			runOnlyForDeploymentPostprocessing = 0;
		};
/* End PBXFrameworksBuildPhase section */

/* Begin PBXGroup section */
		52D219F516572CD0004C6B8D = {
			isa = PBXGroup;
			children = (
				53042E25166D8518001AA56F /* dbhelper */,
				52D21A4616573308004C6B8D /* libsqlite3.0.dylib */,
				52D21A0A16572CD0004C6B8D /* LKDBTest */,
				52D21A0316572CD0004C6B8D /* Frameworks */,
				52D21A0116572CD0004C6B8D /* Products */,
			);
			sourceTree = "<group>";
		};
		52D21A0116572CD0004C6B8D /* Products */ = {
			isa = PBXGroup;
			children = (
				52D21A0016572CD0004C6B8D /* LKDBTest.app */,
			);
			name = Products;
			sourceTree = "<group>";
		};
		52D21A0316572CD0004C6B8D /* Frameworks */ = {
			isa = PBXGroup;
			children = (
				52D21A0416572CD0004C6B8D /* UIKit.framework */,
				52D21A0616572CD0004C6B8D /* Foundation.framework */,
				52D21A0816572CD0004C6B8D /* CoreGraphics.framework */,
			);
			name = Frameworks;
			sourceTree = "<group>";
		};
		52D21A0A16572CD0004C6B8D /* LKDBTest */ = {
			isa = PBXGroup;
			children = (
				53CA6D8516D602FE006B492B /* LKDBHelper.h */,
				53CA6D8616D602FE006B492B /* LKDBHelper.m */,
				52D21A4B165734FF004C6B8D /* 110.png */,
				52D21A1316572CD0004C6B8D /* LKAppDelegate.h */,
				52D21A1416572CD0004C6B8D /* LKAppDelegate.m */,
				52D21A0B16572CD0004C6B8D /* Supporting Files */,
				52D21A4816573347004C6B8D /* LKDAOTest.h */,
				52D21A4916573347004C6B8D /* LKDAOTest.m */,
			);
			path = LKDBTest;
			sourceTree = "<group>";
		};
		52D21A0B16572CD0004C6B8D /* Supporting Files */ = {
			isa = PBXGroup;
			children = (
				52D21A0C16572CD0004C6B8D /* LKDBTest-Info.plist */,
				52D21A0D16572CD0004C6B8D /* InfoPlist.strings */,
				52D21A1016572CD0004C6B8D /* main.m */,
				52D21A1216572CD0004C6B8D /* LKDBTest-Prefix.pch */,
				52D21A1616572CD0004C6B8D /* Default.png */,
				52D21A1816572CD0004C6B8D /* Default@2x.png */,
				52D21A1A16572CD0004C6B8D /* Default-568h@2x.png */,
			);
			name = "Supporting Files";
			sourceTree = "<group>";
		};
		53042E25166D8518001AA56F /* dbhelper */ = {
			isa = PBXGroup;
			children = (
				53042E26166D8518001AA56F /* FMDatabase */,
				53042E31166D8518001AA56F /* LKDAOBase.h */,
				53042E32166D8518001AA56F /* LKDAOBase.m */,
			);
			name = dbhelper;
			path = LKDBTest/dbhelper;
			sourceTree = "<group>";
		};
		53042E26166D8518001AA56F /* FMDatabase */ = {
			isa = PBXGroup;
			children = (
				53042E27166D8518001AA56F /* FMDatabase.h */,
				53042E28166D8518001AA56F /* FMDatabase.m */,
				53042E29166D8518001AA56F /* FMDatabaseAdditions.h */,
				53042E2A166D8518001AA56F /* FMDatabaseAdditions.m */,
				53042E2B166D8518001AA56F /* FMDatabasePool.h */,
				53042E2C166D8518001AA56F /* FMDatabasePool.m */,
				53042E2D166D8518001AA56F /* FMDatabaseQueue.h */,
				53042E2E166D8518001AA56F /* FMDatabaseQueue.m */,
				53042E2F166D8518001AA56F /* FMResultSet.h */,
				53042E30166D8518001AA56F /* FMResultSet.m */,
			);
			path = FMDatabase;
			sourceTree = "<group>";
		};
/* End PBXGroup section */

/* Begin PBXNativeTarget section */
		52D219FF16572CD0004C6B8D /* LKDBTest */ = {
			isa = PBXNativeTarget;
			buildConfigurationList = 52D21A2416572CD0004C6B8D /* Build configuration list for PBXNativeTarget "LKDBTest" */;
			buildPhases = (
				52D219FC16572CD0004C6B8D /* Sources */,
				52D219FD16572CD0004C6B8D /* Frameworks */,
				52D219FE16572CD0004C6B8D /* Resources */,
			);
			buildRules = (
			);
			dependencies = (
			);
			name = LKDBTest;
			productName = LKDBTest;
			productReference = 52D21A0016572CD0004C6B8D /* LKDBTest.app */;
			productType = "com.apple.product-type.application";
		};
/* End PBXNativeTarget section */

/* Begin PBXProject section */
		52D219F716572CD0004C6B8D /* Project object */ = {
			isa = PBXProject;
			attributes = {
				CLASSPREFIX = LK;
				LastUpgradeCheck = 0450;
				ORGANIZATIONNAME = LK;
			};
			buildConfigurationList = 52D219FA16572CD0004C6B8D /* Build configuration list for PBXProject "LKDBTest" */;
			compatibilityVersion = "Xcode 3.2";
			developmentRegion = English;
			hasScannedForEncodings = 0;
			knownRegions = (
				en,
			);
			mainGroup = 52D219F516572CD0004C6B8D;
			productRefGroup = 52D21A0116572CD0004C6B8D /* Products */;
			projectDirPath = "";
			projectRoot = "";
			targets = (
				52D219FF16572CD0004C6B8D /* LKDBTest */,
			);
		};
/* End PBXProject section */

/* Begin PBXResourcesBuildPhase section */
		52D219FE16572CD0004C6B8D /* Resources */ = {
			isa = PBXResourcesBuildPhase;
			buildActionMask = 2147483647;
			files = (
				52D21A0F16572CD0004C6B8D /* InfoPlist.strings in Resources */,
				52D21A1716572CD0004C6B8D /* Default.png in Resources */,
				52D21A1916572CD0004C6B8D /* Default@2x.png in Resources */,
				52D21A1B16572CD0004C6B8D /* Default-568h@2x.png in Resources */,
				52D21A4C165734FF004C6B8D /* 110.png in Resources */,
			);
			runOnlyForDeploymentPostprocessing = 0;
		};
/* End PBXResourcesBuildPhase section */

/* Begin PBXSourcesBuildPhase section */
		52D219FC16572CD0004C6B8D /* Sources */ = {
			isa = PBXSourcesBuildPhase;
			buildActionMask = 2147483647;
			files = (
				52D21A1116572CD0004C6B8D /* main.m in Sources */,
				52D21A1516572CD0004C6B8D /* LKAppDelegate.m in Sources */,
				52D21A4A16573347004C6B8D /* LKDAOTest.m in Sources */,
				53042E39166D8518001AA56F /* FMDatabase.m in Sources */,
				53042E3A166D8518001AA56F /* FMDatabaseAdditions.m in Sources */,
				53042E3B166D8518001AA56F /* FMDatabasePool.m in Sources */,
				53042E3C166D8518001AA56F /* FMDatabaseQueue.m in Sources */,
				53042E3D166D8518001AA56F /* FMResultSet.m in Sources */,
				53042E3E166D8518001AA56F /* LKDAOBase.m in Sources */,
				53CA6D8716D602FE006B492B /* LKDBHelper.m in Sources */,
			);
			runOnlyForDeploymentPostprocessing = 0;
		};
/* End PBXSourcesBuildPhase section */

/* Begin PBXVariantGroup section */
		52D21A0D16572CD0004C6B8D /* InfoPlist.strings */ = {
			isa = PBXVariantGroup;
			children = (
				52D21A0E16572CD0004C6B8D /* en */,
			);
			name = InfoPlist.strings;
			sourceTree = "<group>";
		};
/* End PBXVariantGroup section */

/* Begin XCBuildConfiguration section */
		52D21A2216572CD0004C6B8D /* Debug */ = {
			isa = XCBuildConfiguration;
			buildSettings = {
				ALWAYS_SEARCH_USER_PATHS = NO;
				CLANG_CXX_LANGUAGE_STANDARD = "gnu++0x";
				CLANG_CXX_LIBRARY = "libc++";
				CLANG_ENABLE_OBJC_ARC = YES;
				CLANG_WARN_EMPTY_BODY = YES;
				CLANG_WARN__DUPLICATE_METHOD_MATCH = YES;
				"CODE_SIGN_IDENTITY[sdk=iphoneos*]" = "iPhone Developer";
				COPY_PHASE_STRIP = NO;
				GCC_C_LANGUAGE_STANDARD = gnu99;
				GCC_DYNAMIC_NO_PIC = NO;
				GCC_OPTIMIZATION_LEVEL = 0;
				GCC_PREPROCESSOR_DEFINITIONS = (
					"DEBUG=1",
					"$(inherited)",
				);
				GCC_SYMBOLS_PRIVATE_EXTERN = NO;
				GCC_WARN_ABOUT_RETURN_TYPE = YES;
				GCC_WARN_UNINITIALIZED_AUTOS = YES;
				GCC_WARN_UNUSED_VARIABLE = YES;
				IPHONEOS_DEPLOYMENT_TARGET = 4.3;
				ONLY_ACTIVE_ARCH = YES;
				SDKROOT = iphoneos;
			};
			name = Debug;
		};
		52D21A2316572CD0004C6B8D /* Release */ = {
			isa = XCBuildConfiguration;
			buildSettings = {
				ALWAYS_SEARCH_USER_PATHS = NO;
				CLANG_CXX_LANGUAGE_STANDARD = "gnu++0x";
				CLANG_CXX_LIBRARY = "libc++";
				CLANG_ENABLE_OBJC_ARC = YES;
				CLANG_WARN_EMPTY_BODY = YES;
				CLANG_WARN__DUPLICATE_METHOD_MATCH = YES;
				"CODE_SIGN_IDENTITY[sdk=iphoneos*]" = "iPhone Developer";
				COPY_PHASE_STRIP = YES;
				GCC_C_LANGUAGE_STANDARD = gnu99;
				GCC_WARN_ABOUT_RETURN_TYPE = YES;
				GCC_WARN_UNINITIALIZED_AUTOS = YES;
				GCC_WARN_UNUSED_VARIABLE = YES;
				IPHONEOS_DEPLOYMENT_TARGET = 4.3;
				OTHER_CFLAGS = "-DNS_BLOCK_ASSERTIONS=1";
				SDKROOT = iphoneos;
				VALIDATE_PRODUCT = YES;
			};
			name = Release;
		};
		52D21A2516572CD0004C6B8D /* Debug */ = {
			isa = XCBuildConfiguration;
			buildSettings = {
				GCC_PRECOMPILE_PREFIX_HEADER = YES;
				GCC_PREFIX_HEADER = "LKDBTest/LKDBTest-Prefix.pch";
				INFOPLIST_FILE = "LKDBTest/LKDBTest-Info.plist";
				PRODUCT_NAME = "$(TARGET_NAME)";
				WRAPPER_EXTENSION = app;
			};
			name = Debug;
		};
		52D21A2616572CD0004C6B8D /* Release */ = {
			isa = XCBuildConfiguration;
			buildSettings = {
				GCC_PRECOMPILE_PREFIX_HEADER = YES;
				GCC_PREFIX_HEADER = "LKDBTest/LKDBTest-Prefix.pch";
				INFOPLIST_FILE = "LKDBTest/LKDBTest-Info.plist";
				PRODUCT_NAME = "$(TARGET_NAME)";
				WRAPPER_EXTENSION = app;
			};
			name = Release;
		};
/* End XCBuildConfiguration section */

/* Begin XCConfigurationList section */
		52D219FA16572CD0004C6B8D /* Build configuration list for PBXProject "LKDBTest" */ = {
			isa = XCConfigurationList;
			buildConfigurations = (
				52D21A2216572CD0004C6B8D /* Debug */,
				52D21A2316572CD0004C6B8D /* Release */,
			);
			defaultConfigurationIsVisible = 0;
			defaultConfigurationName = Release;
		};
		52D21A2416572CD0004C6B8D /* Build configuration list for PBXNativeTarget "LKDBTest" */ = {
			isa = XCConfigurationList;
			buildConfigurations = (
				52D21A2516572CD0004C6B8D /* Debug */,
				52D21A2616572CD0004C6B8D /* Release */,
			);
			defaultConfigurationIsVisible = 0;
			defaultConfigurationName = Release;
		};
/* End XCConfigurationList section */
	};
	rootObject = 52D219F716572CD0004C6B8D /* Project object */;
}
